
Microsoft Visual Studio Solution File, Format Version 12.00
# Visual Studio Version 16
VisualStudioVersion = 16.0.31410.357
MinimumVisualStudioVersion = 10.0.40219.1
Project("{FAE04EC0-301F-11D3-BF4B-00C04F79EFBC}") = "cacumcum", "cacumcum\cacumcum.csproj", "{6A5551B3-79B6-473C-A990-8307A4CAECDD}"
EndProject
Global
	GlobalSection(SolutionConfigurationPlatforms) = preSolution
		Debug|Any CPU = Debug|Any CPU
		Release|Any CPU = Release|Any CPU
	EndGlobalSection
	GlobalSection(ProjectConfigurationPlatforms) = postSolution
		{6A5551B3-79B6-473C-A990-8307A4CAECDD}.Debug|Any CPU.ActiveCfg = Debug|Any CPU
		{6A5551B3-79B6-473C-A990-8307A4CAECDD}.Debug|Any CPU.Build.0 = Debug|Any CPU
		{6A5551B3-79B6-473C-A990-8307A4CAECDD}.Release|Any CPU.ActiveCfg = Release|Any CPU
		{6A5551B3-79B6-473C-A990-8307A4CAECDD}.Release|Any CPU.Build.0 = Release|Any CPU
	EndGlobalSection
	GlobalSection(SolutionProperties) = preSolution
		HideSolutionNode = FALSE
	EndGlobalSection
	GlobalSection(ExtensibilityGlobals) = postSolution
		SolutionGuid = {26F701E7-3C7A-4EF6-ADB9-CA1515E2722E}
	EndGlobalSection
EndGlobal
